// !$*UTF8*$!
{
	archiveVersion = 1;
	classes = {
	};
	objectVersion = 56;
	objects = {

/* Begin PBXBuildFile section */
		565229292C2C9FD3009CA452 /* LocalizationDemoApp.swift in Sources */ = {isa = PBXBuildFile; fileRef = 565229282C2C9FD3009CA452 /* LocalizationDemoApp.swift */; };
		5652292B2C2C9FD3009CA452 /* ContentView.swift in Sources */ = {isa = PBXBuildFile; fileRef = 5652292A2C2C9FD3009CA452 /* ContentView.swift */; };
		5652292D2C2C9FD4009CA452 /* Assets.xcassets in Resources */ = {isa = PBXBuildFile; fileRef = 5652292C2C2C9FD4009CA452 /* Assets.xcassets */; };
		565229302C2C9FD4009CA452 /* Preview Assets.xcassets in Resources */ = {isa = PBXBuildFile; fileRef = 5652292F2C2C9FD4009CA452 /* Preview Assets.xcassets */; };
		5652293A2C2C9FD4009CA452 /* LocalizationDemoTests.swift in Sources */ = {isa = PBXBuildFile; fileRef = 565229392C2C9FD4009CA452 /* LocalizationDemoTests.swift */; };
		565229442C2C9FD4009CA452 /* LocalizationDemoUITests.swift in Sources */ = {isa = PBXBuildFile; fileRef = 565229432C2C9FD4009CA452 /* LocalizationDemoUITests.swift */; };
		565229462C2C9FD4009CA452 /* LocalizationDemoUITestsLaunchTests.swift in Sources */ = {isa = PBXBuildFile; fileRef = 565229452C2C9FD4009CA452 /* LocalizationDemoUITestsLaunchTests.swift */; };
		565229F72C2CA2AC009CA452 /* Localizable.xcstrings in Resources */ = {isa = PBXBuildFile; fileRef = 565229F62C2CA2AC009CA452 /* Localizable.xcstrings */; };
/* End PBXBuildFile section */

/* Begin PBXContainerItemProxy section */
		565229362C2C9FD4009CA452 /* PBXContainerItemProxy */ = {
			isa = PBXContainerItemProxy;
			containerPortal = 5652291D2C2C9FD3009CA452 /* Project object */;
			proxyType = 1;
			remoteGlobalIDString = 565229242C2C9FD3009CA452;
			remoteInfo = LocalizationDemo;
		};
		565229402C2C9FD4009CA452 /* PBXContainerItemProxy */ = {
			isa = PBXContainerItemProxy;
			containerPortal = 5652291D2C2C9FD3009CA452 /* Project object */;
			proxyType = 1;
			remoteGlobalIDString = 565229242C2C9FD3009CA452;
			remoteInfo = LocalizationDemo;
		};
/* End PBXContainerItemProxy section */

/* Begin PBXFileReference section */
		565229252C2C9FD3009CA452 /* LocalizationDemo.app */ = {isa = PBXFileReference; explicitFileType = wrapper.application; includeInIndex = 0; path = LocalizationDemo.app; sourceTree = BUILT_PRODUCTS_DIR; };
		565229282C2C9FD3009CA452 /* LocalizationDemoApp.swift */ = {isa = PBXFileReference; lastKnownFileType = sourcecode.swift; path = LocalizationDemoApp.swift; sourceTree = "<group>"; };
		5652292A2C2C9FD3009CA452 /* ContentView.swift */ = {isa = PBXFileReference; lastKnownFileType = sourcecode.swift; path = ContentView.swift; sourceTree = "<group>"; };
		5652292C2C2C9FD4009CA452 /* Assets.xcassets */ = {isa = PBXFileReference; lastKnownFileType = folder.assetcatalog; path = Assets.xcassets; sourceTree = "<group>"; };
		5652292F2C2C9FD4009CA452 /* Preview Assets.xcassets */ = {isa = PBXFileReference; lastKnownFileType = folder.assetcatalog; path = "Preview Assets.xcassets"; sourceTree = "<group>"; };
		565229352C2C9FD4009CA452 /* LocalizationDemoTests.xctest */ = {isa = PBXFileReference; explicitFileType = wrapper.cfbundle; includeInIndex = 0; path = LocalizationDemoTests.xctest; sourceTree = BUILT_PRODUCTS_DIR; };
		565229392C2C9FD4009CA452 /* LocalizationDemoTests.swift */ = {isa = PBXFileReference; lastKnownFileType = sourcecode.swift; path = LocalizationDemoTests.swift; sourceTree = "<group>"; };
		5652293F2C2C9FD4009CA452 /* LocalizationDemoUITests.xctest */ = {isa = PBXFileReference; explicitFileType = wrapper.cfbundle; includeInIndex = 0; path = LocalizationDemoUITests.xctest; sourceTree = BUILT_PRODUCTS_DIR; };
		565229432C2C9FD4009CA452 /* LocalizationDemoUITests.swift */ = {isa = PBXFileReference; lastKnownFileType = sourcecode.swift; path = LocalizationDemoUITests.swift; sourceTree = "<group>"; };
		565229452C2C9FD4009CA452 /* LocalizationDemoUITestsLaunchTests.swift */ = {isa = PBXFileReference; lastKnownFileType = sourcecode.swift; path = LocalizationDemoUITestsLaunchTests.swift; sourceTree = "<group>"; };
		565229F62C2CA2AC009CA452 /* Localizable.xcstrings */ = {isa = PBXFileReference; lastKnownFileType = text.json.xcstrings; path = Localizable.xcstrings; sourceTree = "<group>"; };
/* End PBXFileReference section */

/* Begin PBXFrameworksBuildPhase section */
		565229222C2C9FD3009CA452 /* Frameworks */ = {
			isa = PBXFrameworksBuildPhase;
			buildActionMask = 2147483647;
			files = (
			);
			runOnlyForDeploymentPostprocessing = 0;
		};
		565229322C2C9FD4009CA452 /* Frameworks */ = {
			isa = PBXFrameworksBuildPhase;
			buildActionMask = 2147483647;
			files = (
			);
			runOnlyForDeploymentPostprocessing = 0;
		};
		5652293C2C2C9FD4009CA452 /* Frameworks */ = {
			isa = PBXFrameworksBuildPhase;
			buildActionMask = 2147483647;
			files = (
			);
			runOnlyForDeploymentPostprocessing = 0;
		};
/* End PBXFrameworksBuildPhase section */

/* Begin PBXGroup section */
		5652291C2C2C9FD3009CA452 = {
			isa = PBXGroup;
			children = (
				565229272C2C9FD3009CA452 /* LocalizationDemo */,
				565229382C2C9FD4009CA452 /* LocalizationDemoTests */,
				565229422C2C9FD4009CA452 /* LocalizationDemoUITests */,
				565229262C2C9FD3009CA452 /* Products */,
			);
			sourceTree = "<group>";
		};
		565229262C2C9FD3009CA452 /* Products */ = {
			isa = PBXGroup;
			children = (
				565229252C2C9FD3009CA452 /* LocalizationDemo.app */,
				565229352C2C9FD4009CA452 /* LocalizationDemoTests.xctest */,
				5652293F2C2C9FD4009CA452 /* LocalizationDemoUITests.xctest */,
			);
			name = Products;
			sourceTree = "<group>";
		};
		565229272C2C9FD3009CA452 /* LocalizationDemo */ = {
			isa = PBXGroup;
			children = (
				565229282C2C9FD3009CA452 /* LocalizationDemoApp.swift */,
				5652292A2C2C9FD3009CA452 /* ContentView.swift */,
				5652292C2C2C9FD4009CA452 /* Assets.xcassets */,
				5652292E2C2C9FD4009CA452 /* Preview Content */,
				565229F62C2CA2AC009CA452 /* Localizable.xcstrings */,
			);
			path = LocalizationDemo;
			sourceTree = "<group>";
		};
		5652292E2C2C9FD4009CA452 /* Preview Content */ = {
			isa = PBXGroup;
			children = (
				5652292F2C2C9FD4009CA452 /* Preview Assets.xcassets */,
			);
			path = "Preview Content";
			sourceTree = "<group>";
		};
		565229382C2C9FD4009CA452 /* LocalizationDemoTests */ = {
			isa = PBXGroup;
			children = (
				565229392C2C9FD4009CA452 /* LocalizationDemoTests.swift */,
			);
			path = LocalizationDemoTests;
			sourceTree = "<group>";
		};
		565229422C2C9FD4009CA452 /* LocalizationDemoUITests */ = {
			isa = PBXGroup;
			children = (
				565229432C2C9FD4009CA452 /* LocalizationDemoUITests.swift */,
				565229452C2C9FD4009CA452 /* LocalizationDemoUITestsLaunchTests.swift */,
			);
			path = LocalizationDemoUITests;
			sourceTree = "<group>";
		};
/* End PBXGroup section */

/* Begin PBXNativeTarget section */
		565229242C2C9FD3009CA452 /* LocalizationDemo */ = {
			isa = PBXNativeTarget;
			buildConfigurationList = 565229492C2C9FD4009CA452 /* Build configuration list for PBXNativeTarget "LocalizationDemo" */;
			buildPhases = (
				565229212C2C9FD3009CA452 /* Sources */,
				565229222C2C9FD3009CA452 /* Frameworks */,
				565229232C2C9FD3009CA452 /* Resources */,
			);
			buildRules = (
			);
			dependencies = (
			);
			name = LocalizationDemo;
			productName = LocalizationDemo;
			productReference = 565229252C2C9FD3009CA452 /* LocalizationDemo.app */;
			productType = "com.apple.product-type.application";
		};
		565229342C2C9FD4009CA452 /* LocalizationDemoTests */ = {
			isa = PBXNativeTarget;
			buildConfigurationList = 5652294C2C2C9FD4009CA452 /* Build configuration list for PBXNativeTarget "LocalizationDemoTests" */;
			buildPhases = (
				565229312C2C9FD4009CA452 /* Sources */,
				565229322C2C9FD4009CA452 /* Frameworks */,
				565229332C2C9FD4009CA452 /* Resources */,
			);
			buildRules = (
			);
			dependencies = (
				565229372C2C9FD4009CA452 /* PBXTargetDependency */,
			);
			name = LocalizationDemoTests;
			productName = LocalizationDemoTests;
			productReference = 565229352C2C9FD4009CA452 /* LocalizationDemoTests.xctest */;
			productType = "com.apple.product-type.bundle.unit-test";
		};
		5652293E2C2C9FD4009CA452 /* LocalizationDemoUITests */ = {
			isa = PBXNativeTarget;
			buildConfigurationList = 5652294F2C2C9FD4009CA452 /* Build configuration list for PBXNativeTarget "LocalizationDemoUITests" */;
			buildPhases = (
				5652293B2C2C9FD4009CA452 /* Sources */,
				5652293C2C2C9FD4009CA452 /* Frameworks */,
				5652293D2C2C9FD4009CA452 /* Resources */,
			);
			buildRules = (
			);
			dependencies = (
				565229412C2C9FD4009CA452 /* PBXTargetDependency */,
			);
			name = LocalizationDemoUITests;
			productName = LocalizationDemoUITests;
			productReference = 5652293F2C2C9FD4009CA452 /* LocalizationDemoUITests.xctest */;
			productType = "com.apple.product-type.bundle.ui-testing";
		};
/* End PBXNativeTarget section */

/* Begin PBXProject section */
		5652291D2C2C9FD3009CA452 /* Project object */ = {
			isa = PBXProject;
			attributes = {
				BuildIndependentTargetsInParallel = 1;
				LastSwiftUpdateCheck = 1540;
				LastUpgradeCheck = 1540;
				ORGANIZATIONNAME = "Ross Maniaci";
				TargetAttributes = {
					565229242C2C9FD3009CA452 = {
						CreatedOnToolsVersion = 15.4;
					};
					565229342C2C9FD4009CA452 = {
						CreatedOnToolsVersion = 15.4;
						TestTargetID = 565229242C2C9FD3009CA452;
					};
					5652293E2C2C9FD4009CA452 = {
						CreatedOnToolsVersion = 15.4;
						TestTargetID = 565229242C2C9FD3009CA452;
					};
				};
			};
			buildConfigurationList = 565229202C2C9FD3009CA452 /* Build configuration list for PBXProject "LocalizationDemo" */;
			compatibilityVersion = "Xcode 14.0";
			developmentRegion = en;
			hasScannedForEncodings = 0;
			knownRegions = (
				en,
				Base,
				"zh-Hant",
			);
			mainGroup = 5652291C2C2C9FD3009CA452;
			productRefGroup = 565229262C2C9FD3009CA452 /* Products */;
			projectDirPath = "";
			projectRoot = "";
			targets = (
				565229242C2C9FD3009CA452 /* LocalizationDemo */,
				565229342C2C9FD4009CA452 /* LocalizationDemoTests */,
				5652293E2C2C9FD4009CA452 /* LocalizationDemoUITests */,
			);
		};
/* End PBXProject section */

/* Begin PBXResourcesBuildPhase section */
		565229232C2C9FD3009CA452 /* Resources */ = {
			isa = PBXResourcesBuildPhase;
			buildActionMask = 2147483647;
			files = (
				565229302C2C9FD4009CA452 /* Preview Assets.xcassets in Resources */,
				5652292D2C2C9FD4009CA452 /* Assets.xcassets in Resources */,
				565229F72C2CA2AC009CA452 /* Localizable.xcstrings in Resources */,
			);
			runOnlyForDeploymentPostprocessing = 0;
		};
		565229332C2C9FD4009CA452 /* Resources */ = {
			isa = PBXResourcesBuildPhase;
			buildActionMask = 2147483647;
			files = (
			);
			runOnlyForDeploymentPostprocessing = 0;
		};
		5652293D2C2C9FD4009CA452 /* Resources */ = {
			isa = PBXResourcesBuildPhase;
			buildActionMask = 2147483647;
			files = (
			);
			runOnlyForDeploymentPostprocessing = 0;
		};
/* End PBXResourcesBuildPhase section */

/* Begin PBXSourcesBuildPhase section */
		565229212C2C9FD3009CA452 /* Sources */ = {
			isa = PBXSourcesBuildPhase;
			buildActionMask = 2147483647;
			files = (
				5652292B2C2C9FD3009CA452 /* ContentView.swift in Sources */,
				565229292C2C9FD3009CA452 /* LocalizationDemoApp.swift in Sources */,
			);
			runOnlyForDeploymentPostprocessing = 0;
		};
		565229312C2C9FD4009CA452 /* Sources */ = {
			isa = PBXSourcesBuildPhase;
			buildActionMask = 2147483647;
			files = (
				5652293A2C2C9FD4009CA452 /* LocalizationDemoTests.swift in Sources */,
			);
			runOnlyForDeploymentPostprocessing = 0;
		};
		5652293B2C2C9FD4009CA452 /* Sources */ = {
			isa = PBXSourcesBuildPhase;
			buildActionMask = 2147483647;
			files = (
				565229462C2C9FD4009CA452 /* LocalizationDemoUITestsLaunchTests.swift in Sources */,
				565229442C2C9FD4009CA452 /* LocalizationDemoUITests.swift in Sources */,
			);
			runOnlyForDeploymentPostprocessing = 0;
		};
/* End PBXSourcesBuildPhase section */

/* Begin PBXTargetDependency section */
		565229372C2C9FD4009CA452 /* PBXTargetDependency */ = {
			isa = PBXTargetDependency;
			target = 565229242C2C9FD3009CA452 /* LocalizationDemo */;
			targetProxy = 565229362C2C9FD4009CA452 /* PBXContainerItemProxy */;
		};
		565229412C2C9FD4009CA452 /* PBXTargetDependency */ = {
			isa = PBXTargetDependency;
			target = 565229242C2C9FD3009CA452 /* LocalizationDemo */;
			targetProxy = 565229402C2C9FD4009CA452 /* PBXContainerItemProxy */;
		};
/* End PBXTargetDependency section */

/* Begin XCBuildConfiguration section */
		565229472C2C9FD4009CA452 /* Debug */ = {
			isa = XCBuildConfiguration;
			buildSettings = {
				ALWAYS_SEARCH_USER_PATHS = NO;
				ASSETCATALOG_COMPILER_GENERATE_SWIFT_ASSET_SYMBOL_EXTENSIONS = YES;
				CLANG_ANALYZER_NONNULL = YES;
				CLANG_ANALYZER_NUMBER_OBJECT_CONVERSION = YES_AGGRESSIVE;
				CLANG_CXX_LANGUAGE_STANDARD = "gnu++20";
				CLANG_ENABLE_MODULES = YES;
				CLANG_ENABLE_OBJC_ARC = YES;
				CLANG_ENABLE_OBJC_WEAK = YES;
				CLANG_WARN_BLOCK_CAPTURE_AUTORELEASING = YES;
				CLANG_WARN_BOOL_CONVERSION = YES;
				CLANG_WARN_COMMA = YES;
				CLANG_WARN_CONSTANT_CONVERSION = YES;
				CLANG_WARN_DEPRECATED_OBJC_IMPLEMENTATIONS = YES;
				CLANG_WARN_DIRECT_OBJC_ISA_USAGE = YES_ERROR;
				CLANG_WARN_DOCUMENTATION_COMMENTS = YES;
				CLANG_WARN_EMPTY_BODY = YES;
				CLANG_WARN_ENUM_CONVERSION = YES;
				CLANG_WARN_INFINITE_RECURSION = YES;
				CLANG_WARN_INT_CONVERSION = YES;
				CLANG_WARN_NON_LITERAL_NULL_CONVERSION = YES;
				CLANG_WARN_OBJC_IMPLICIT_RETAIN_SELF = YES;
				CLANG_WARN_OBJC_LITERAL_CONVERSION = YES;
				CLANG_WARN_OBJC_ROOT_CLASS = YES_ERROR;
				CLANG_WARN_QUOTED_INCLUDE_IN_FRAMEWORK_HEADER = YES;
				CLANG_WARN_RANGE_LOOP_ANALYSIS = YES;
				CLANG_WARN_STRICT_PROTOTYPES = YES;
				CLANG_WARN_SUSPICIOUS_MOVE = YES;
				CLANG_WARN_UNGUARDED_AVAILABILITY = YES_AGGRESSIVE;
				CLANG_WARN_UNREACHABLE_CODE = YES;
				CLANG_WARN__DUPLICATE_METHOD_MATCH = YES;
				COPY_PHASE_STRIP = NO;
				DEBUG_INFORMATION_FORMAT = dwarf;
				ENABLE_STRICT_OBJC_MSGSEND = YES;
				ENABLE_TESTABILITY = YES;
				ENABLE_USER_SCRIPT_SANDBOXING = YES;
				GCC_C_LANGUAGE_STANDARD = gnu17;
				GCC_DYNAMIC_NO_PIC = NO;
				GCC_NO_COMMON_BLOCKS = YES;
				GCC_OPTIMIZATION_LEVEL = 0;
				GCC_PREPROCESSOR_DEFINITIONS = (
					"DEBUG=1",
					"$(inherited)",
				);
				GCC_WARN_64_TO_32_BIT_CONVERSION = YES;
				GCC_WARN_ABOUT_RETURN_TYPE = YES_ERROR;
				GCC_WARN_UNDECLARED_SELECTOR = YES;
				GCC_WARN_UNINITIALIZED_AUTOS = YES_AGGRESSIVE;
				GCC_WARN_UNUSED_FUNCTION = YES;
				GCC_WARN_UNUSED_VARIABLE = YES;
				IPHONEOS_DEPLOYMENT_TARGET = 17.5;
				LOCALIZATION_PREFERS_STRING_CATALOGS = YES;
				MTL_ENABLE_DEBUG_INFO = INCLUDE_SOURCE;
				MTL_FAST_MATH = YES;
				ONLY_ACTIVE_ARCH = YES;
				SDKROOT = iphoneos;
				SWIFT_ACTIVE_COMPILATION_CONDITIONS = "DEBUG $(inherited)";
				SWIFT_OPTIMIZATION_LEVEL = "-Onone";
			};
			name = Debug;
		};
		565229482C2C9FD4009CA452 /* Release */ = {
			isa = XCBuildConfiguration;
			buildSettings = {
				ALWAYS_SEARCH_USER_PATHS = NO;
				ASSETCATALOG_COMPILER_GENERATE_SWIFT_ASSET_SYMBOL_EXTENSIONS = YES;
				CLANG_ANALYZER_NONNULL = YES;
				CLANG_ANALYZER_NUMBER_OBJECT_CONVERSION = YES_AGGRESSIVE;
				CLANG_CXX_LANGUAGE_STANDARD = "gnu++20";
				CLANG_ENABLE_MODULES = YES;
				CLANG_ENABLE_OBJC_ARC = YES;
				CLANG_ENABLE_OBJC_WEAK = YES;
				CLANG_WARN_BLOCK_CAPTURE_AUTORELEASING = YES;
				CLANG_WARN_BOOL_CONVERSION = YES;
				CLANG_WARN_COMMA = YES;
				CLANG_WARN_CONSTANT_CONVERSION = YES;
				CLANG_WARN_DEPRECATED_OBJC_IMPLEMENTATIONS = YES;
				CLANG_WARN_DIRECT_OBJC_ISA_USAGE = YES_ERROR;
				CLANG_WARN_DOCUMENTATION_COMMENTS = YES;
				CLANG_WARN_EMPTY_BODY = YES;
				CLANG_WARN_ENUM_CONVERSION = YES;
				CLANG_WARN_INFINITE_RECURSION = YES;
				CLANG_WARN_INT_CONVERSION = YES;
				CLANG_WARN_NON_LITERAL_NULL_CONVERSION = YES;
				CLANG_WARN_OBJC_IMPLICIT_RETAIN_SELF = YES;
				CLANG_WARN_OBJC_LITERAL_CONVERSION = YES;
				CLANG_WARN_OBJC_ROOT_CLASS = YES_ERROR;
				CLANG_WARN_QUOTED_INCLUDE_IN_FRAMEWORK_HEADER = YES;
				CLANG_WARN_RANGE_LOOP_ANALYSIS = YES;
				CLANG_WARN_STRICT_PROTOTYPES = YES;
				CLANG_WARN_SUSPICIOUS_MOVE = YES;
				CLANG_WARN_UNGUARDED_AVAILABILITY = YES_AGGRESSIVE;
				CLANG_WARN_UNREACHABLE_CODE = YES;
				CLANG_WARN__DUPLICATE_METHOD_MATCH = YES;
				COPY_PHASE_STRIP = NO;
				DEBUG_INFORMATION_FORMAT = "dwarf-with-dsym";
				ENABLE_NS_ASSERTIONS = NO;
				ENABLE_STRICT_OBJC_MSGSEND = YES;
				ENABLE_USER_SCRIPT_SANDBOXING = YES;
				GCC_C_LANGUAGE_STANDARD = gnu17;
				GCC_NO_COMMON_BLOCKS = YES;
				GCC_WARN_64_TO_32_BIT_CONVERSION = YES;
				GCC_WARN_ABOUT_RETURN_TYPE = YES_ERROR;
				GCC_WARN_UNDECLARED_SELECTOR = YES;
				GCC_WARN_UNINITIALIZED_AUTOS = YES_AGGRESSIVE;
				GCC_WARN_UNUSED_FUNCTION = YES;
				GCC_WARN_UNUSED_VARIABLE = YES;
				IPHONEOS_DEPLOYMENT_TARGET = 17.5;
				LOCALIZATION_PREFERS_STRING_CATALOGS = YES;
				MTL_ENABLE_DEBUG_INFO = NO;
				MTL_FAST_MATH = YES;
				SDKROOT = iphoneos;
				SWIFT_COMPILATION_MODE = wholemodule;
				VALIDATE_PRODUCT = YES;
			};
			name = Release;
		};
		5652294A2C2C9FD4009CA452 /* Debug */ = {
			isa = XCBuildConfiguration;
			buildSettings = {
				ASSETCATALOG_COMPILER_APPICON_NAME = AppIcon;
				ASSETCATALOG_COMPILER_GLOBAL_ACCENT_COLOR_NAME = AccentColor;
				CODE_SIGN_STYLE = Automatic;
				CURRENT_PROJECT_VERSION = 1;
				DEVELOPMENT_ASSET_PATHS = "\"LocalizationDemo/Preview Content\"";
				DEVELOPMENT_TEAM = LSKT56W9FC;
				ENABLE_PREVIEWS = YES;
				GENERATE_INFOPLIST_FILE = YES;
				INFOPLIST_KEY_UIApplicationSceneManifest_Generation = YES;
				INFOPLIST_KEY_UIApplicationSupportsIndirectInputEvents = YES;
				INFOPLIST_KEY_UILaunchScreen_Generation = YES;
				INFOPLIST_KEY_UISupportedInterfaceOrientations_iPad = "UIInterfaceOrientationPortrait UIInterfaceOrientationPortraitUpsideDown UIInterfaceOrientationLandscapeLeft UIInterfaceOrientationLandscapeRight";
				INFOPLIST_KEY_UISupportedInterfaceOrientations_iPhone = "UIInterfaceOrientationPortrait UIInterfaceOrientationLandscapeLeft UIInterfaceOrientationLandscapeRight";
				LD_RUNPATH_SEARCH_PATHS = (
					"$(inherited)",
					"@executable_path/Frameworks",
				);
				MARKETING_VERSION = 1.0;
				PRODUCT_BUNDLE_IDENTIFIER = com.rossmaniaci.LocalizationDemo;
				PRODUCT_NAME = "$(TARGET_NAME)";
				SWIFT_EMIT_LOC_STRINGS = YES;
				SWIFT_VERSION = 5.0;
				TARGETED_DEVICE_FAMILY = "1,2";
			};
			name = Debug;
		};
		5652294B2C2C9FD4009CA452 /* Release */ = {
			isa = XCBuildConfiguration;
			buildSettings = {
				ASSETCATALOG_COMPILER_APPICON_NAME = AppIcon;
				ASSETCATALOG_COMPILER_GLOBAL_ACCENT_COLOR_NAME = AccentColor;
				CODE_SIGN_STYLE = Automatic;
				CURRENT_PROJECT_VERSION = 1;
				DEVELOPMENT_ASSET_PATHS = "\"LocalizationDemo/Preview Content\"";
				DEVELOPMENT_TEAM = LSKT56W9FC;
				ENABLE_PREVIEWS = YES;
				GENERATE_INFOPLIST_FILE = YES;
				INFOPLIST_KEY_UIApplicationSceneManifest_Generation = YES;
				INFOPLIST_KEY_UIApplicationSupportsIndirectInputEvents = YES;
				INFOPLIST_KEY_UILaunchScreen_Generation = YES;
				INFOPLIST_KEY_UISupportedInterfaceOrientations_iPad = "UIInterfaceOrientationPortrait UIInterfaceOrientationPortraitUpsideDown UIInterfaceOrientationLandscapeLeft UIInterfaceOrientationLandscapeRight";
				INFOPLIST_KEY_UISupportedInterfaceOrientations_iPhone = "UIInterfaceOrientationPortrait UIInterfaceOrientationLandscapeLeft UIInterfaceOrientationLandscapeRight";
				LD_RUNPATH_SEARCH_PATHS = (
					"$(inherited)",
					"@executable_path/Frameworks",
				);
				MARKETING_VERSION = 1.0;
				PRODUCT_BUNDLE_IDENTIFIER = com.rossmaniaci.LocalizationDemo;
				PRODUCT_NAME = "$(TARGET_NAME)";
				SWIFT_EMIT_LOC_STRINGS = YES;
				SWIFT_VERSION = 5.0;
				TARGETED_DEVICE_FAMILY = "1,2";
			};
			name = Release;
		};
		5652294D2C2C9FD4009CA452 /* Debug */ = {
			isa = XCBuildConfiguration;
			buildSettings = {
				ALWAYS_EMBED_SWIFT_STANDARD_LIBRARIES = YES;
				BUNDLE_LOADER = "$(TEST_HOST)";
				CODE_SIGN_STYLE = Automatic;
				CURRENT_PROJECT_VERSION = 1;
				DEVELOPMENT_TEAM = LSKT56W9FC;
				GENERATE_INFOPLIST_FILE = YES;
				IPHONEOS_DEPLOYMENT_TARGET = 17.5;
				MARKETING_VERSION = 1.0;
				PRODUCT_BUNDLE_IDENTIFIER = com.rossmaniaci.LocalizationDemoTests;
				PRODUCT_NAME = "$(TARGET_NAME)";
				SWIFT_EMIT_LOC_STRINGS = NO;
				SWIFT_VERSION = 5.0;
				TARGETED_DEVICE_FAMILY = "1,2";
				TEST_HOST = "$(BUILT_PRODUCTS_DIR)/LocalizationDemo.app/$(BUNDLE_EXECUTABLE_FOLDER_PATH)/LocalizationDemo";
			};
			name = Debug;
		};
		5652294E2C2C9FD4009CA452 /* Release */ = {
			isa = XCBuildConfiguration;
			buildSettings = {
				ALWAYS_EMBED_SWIFT_STANDARD_LIBRARIES = YES;
				BUNDLE_LOADER = "$(TEST_HOST)";
				CODE_SIGN_STYLE = Automatic;
				CURRENT_PROJECT_VERSION = 1;
				DEVELOPMENT_TEAM = LSKT56W9FC;
				GENERATE_INFOPLIST_FILE = YES;
				IPHONEOS_DEPLOYMENT_TARGET = 17.5;
				MARKETING_VERSION = 1.0;
				PRODUCT_BUNDLE_IDENTIFIER = com.rossmaniaci.LocalizationDemoTests;
				PRODUCT_NAME = "$(TARGET_NAME)";
				SWIFT_EMIT_LOC_STRINGS = NO;
				SWIFT_VERSION = 5.0;
				TARGETED_DEVICE_FAMILY = "1,2";
				TEST_HOST = "$(BUILT_PRODUCTS_DIR)/LocalizationDemo.app/$(BUNDLE_EXECUTABLE_FOLDER_PATH)/LocalizationDemo";
			};
			name = Release;
		};
		565229502C2C9FD4009CA452 /* Debug */ = {
			isa = XCBuildConfiguration;
			buildSettings = {
				ALWAYS_EMBED_SWIFT_STANDARD_LIBRARIES = YES;
				CODE_SIGN_STYLE = Automatic;
				CURRENT_PROJECT_VERSION = 1;
				DEVELOPMENT_TEAM = LSKT56W9FC;
				GENERATE_INFOPLIST_FILE = YES;
				MARKETING_VERSION = 1.0;
				PRODUCT_BUNDLE_IDENTIFIER = com.rossmaniaci.LocalizationDemoUITests;
				PRODUCT_NAME = "$(TARGET_NAME)";
				SWIFT_EMIT_LOC_STRINGS = NO;
				SWIFT_VERSION = 5.0;
				TARGETED_DEVICE_FAMILY = "1,2";
				TEST_TARGET_NAME = LocalizationDemo;
			};
			name = Debug;
		};
		565229512C2C9FD4009CA452 /* Release */ = {
			isa = XCBuildConfiguration;
			buildSettings = {
				ALWAYS_EMBED_SWIFT_STANDARD_LIBRARIES = YES;
				CODE_SIGN_STYLE = Automatic;
				CURRENT_PROJECT_VERSION = 1;
				DEVELOPMENT_TEAM = LSKT56W9FC;
				GENERATE_INFOPLIST_FILE = YES;
				MARKETING_VERSION = 1.0;
				PRODUCT_BUNDLE_IDENTIFIER = com.rossmaniaci.LocalizationDemoUITests;
				PRODUCT_NAME = "$(TARGET_NAME)";
				SWIFT_EMIT_LOC_STRINGS = NO;
				SWIFT_VERSION = 5.0;
				TARGETED_DEVICE_FAMILY = "1,2";
				TEST_TARGET_NAME = LocalizationDemo;
			};
			name = Release;
		};
/* End XCBuildConfiguration section */

/* Begin XCConfigurationList section */
		565229202C2C9FD3009CA452 /* Build configuration list for PBXProject "LocalizationDemo" */ = {
			isa = XCConfigurationList;
			buildConfigurations = (
				565229472C2C9FD4009CA452 /* Debug */,
				565229482C2C9FD4009CA452 /* Release */,
			);
			defaultConfigurationIsVisible = 0;
			defaultConfigurationName = Release;
		};
		565229492C2C9FD4009CA452 /* Build configuration list for PBXNativeTarget "LocalizationDemo" */ = {
			isa = XCConfigurationList;
			buildConfigurations = (
				5652294A2C2C9FD4009CA452 /* Debug */,
				5652294B2C2C9FD4009CA452 /* Release */,
			);
			defaultConfigurationIsVisible = 0;
			defaultConfigurationName = Release;
		};
		5652294C2C2C9FD4009CA452 /* Build configuration list for PBXNativeTarget "LocalizationDemoTests" */ = {
			isa = XCConfigurationList;
			buildConfigurations = (
				5652294D2C2C9FD4009CA452 /* Debug */,
				5652294E2C2C9FD4009CA452 /* Release */,
			);
			defaultConfigurationIsVisible = 0;
			defaultConfigurationName = Release;
		};
		5652294F2C2C9FD4009CA452 /* Build configuration list for PBXNativeTarget "LocalizationDemoUITests" */ = {
			isa = XCConfigurationList;
			buildConfigurations = (
				565229502C2C9FD4009CA452 /* Debug */,
				565229512C2C9FD4009CA452 /* Release */,
			);
			defaultConfigurationIsVisible = 0;
			defaultConfigurationName = Release;
		};
/* End XCConfigurationList section */
	};
	rootObject = 5652291D2C2C9FD3009CA452 /* Project object */;
}
